{
  "originHash" : "d62daceee414431369ce93ce6cc38faf9e4e3aa027dfef455db6fd7874803e66",
  "pins" : [
    {
      "identity" : "devfoundation",
      "kind" : "remoteSourceControl",
      "location" : "https://github.com/DevKitOrganization/DevFoundation",
      "state" : {
        "revision" : "d16a4c414e3f32ab3d98b82b88b2842ba5e6064a",
        "version" : "1.0.0-beta.8"
      }
    },
    {
      "identity" : "devtesting",
      "kind" : "remoteSourceControl",
      "location" : "https://github.com/DevKitOrganization/DevTesting",
      "state" : {
        "revision" : "32dd16262b17b291279adda9cfc7dd683ed7e6ee",
        "version" : "1.0.0-beta.7"
      }
    },
    {
      "identity" : "swift-argument-parser",
      "kind" : "remoteSourceControl",
      "location" : "https://github.com/apple/swift-argument-parser.git",
      "state" : {
        "revision" : "309a47b2b1d9b5e991f36961c983ecec72275be3",
        "version" : "1.6.1"
      }
    }
  ],
  "version" : 3
}
